
Microsoft Visual Studio Solution File, Format Version 12.00
# Visual Studio Version 17
VisualStudioVersion = 17.10.35027.167
MinimumVisualStudioVersion = 10.0.40219.1
Project("{FAE04EC0-301F-11D3-BF4B-00C04F79EFBC}") = "BattleOfPollo2", "BattleOfPollo2\BattleOfPollo2.csproj", "{96630D51-E536-4304-9F9A-837F10CBEE9B}"
EndProject
Global
	GlobalSection(SolutionConfigurationPlatforms) = preSolution
		Debug|Any CPU = Debug|Any CPU
		Release|Any CPU = Release|Any CPU
	EndGlobalSection
	GlobalSection(ProjectConfigurationPlatforms) = postSolution
		{96630D51-E536-4304-9F9A-837F10CBEE9B}.Debug|Any CPU.ActiveCfg = Debug|Any CPU
		{96630D51-E536-4304-9F9A-837F10CBEE9B}.Debug|Any CPU.Build.0 = Debug|Any CPU
		{96630D51-E536-4304-9F9A-837F10CBEE9B}.Release|Any CPU.ActiveCfg = Release|Any CPU
		{96630D51-E536-4304-9F9A-837F10CBEE9B}.Release|Any CPU.Build.0 = Release|Any CPU
	EndGlobalSection
	GlobalSection(SolutionProperties) = preSolution
		HideSolutionNode = FALSE
	EndGlobalSection
	GlobalSection(ExtensibilityGlobals) = postSolution
		SolutionGuid = {9145E162-70B0-49A8-B21D-3DAFD6607B39}
	EndGlobalSection
EndGlobal
